
Microsoft Visual Studio Solution File, Format Version 12.00
# Visual Studio Version 16
VisualStudioVersion = 16.0.29403.142
MinimumVisualStudioVersion = 10.0.40219.1
Project("{FAE04EC0-301F-11D3-BF4B-00C04F79EFBC}") = "ConsoleApp3", "ConsoleApp3\ConsoleApp3.csproj", "{4E49D01F-5AFC-4E15-B41E-3D62C5D4F447}"
EndProject
Global
	GlobalSection(SolutionConfigurationPlatforms) = preSolution
		Debug|Any CPU = Debug|Any CPU
		Release|Any CPU = Release|Any CPU
	EndGlobalSection
	GlobalSection(ProjectConfigurationPlatforms) = postSolution
		{4E49D01F-5AFC-4E15-B41E-3D62C5D4F447}.Debug|Any CPU.ActiveCfg = Debug|Any CPU
		{4E49D01F-5AFC-4E15-B41E-3D62C5D4F447}.Debug|Any CPU.Build.0 = Debug|Any CPU
		{4E49D01F-5AFC-4E15-B41E-3D62C5D4F447}.Release|Any CPU.ActiveCfg = Release|Any CPU
		{4E49D01F-5AFC-4E15-B41E-3D62C5D4F447}.Release|Any CPU.Build.0 = Release|Any CPU
	EndGlobalSection
	GlobalSection(SolutionProperties) = preSolution
		HideSolutionNode = FALSE
	EndGlobalSection
	GlobalSection(ExtensibilityGlobals) = postSolution
		SolutionGuid = {D3400E91-3334-409C-A3EA-068713123087}
	EndGlobalSection
EndGlobal
